
Microsoft Visual Studio Solution File, Format Version 12.00
# Visual Studio Version 17
VisualStudioVersion = 17.0.32014.148
MinimumVisualStudioVersion = 10.0.40219.1
Project("{FAE04EC0-301F-11D3-BF4B-00C04F79EFBC}") = "NLayerproject.API", "NLayerproject.API\NLayerproject.API.csproj", "{2D57AFD1-FCC8-4DA6-A151-967E4EC26704}"
EndProject
Project("{FAE04EC0-301F-11D3-BF4B-00C04F79EFBC}") = "NLayerproject.Core", "NLayerproject.Core\NLayerproject.Core.csproj", "{88F362BD-7700-48C7-81B7-D4F5593E659D}"
EndProject
Project("{FAE04EC0-301F-11D3-BF4B-00C04F79EFBC}") = "NLayerproject.Data", "NLayerproject.Data\NLayerproject.Data.csproj", "{5A001D4C-8279-408D-97AC-2AD4326052E8}"
EndProject
Project("{FAE04EC0-301F-11D3-BF4B-00C04F79EFBC}") = "NLayerproject.Service", "NLayerproject.Service\NLayerproject.Service.csproj", "{C7C0BA31-3511-4550-AD62-C702970813A0}"
EndProject
Global
	GlobalSection(SolutionConfigurationPlatforms) = preSolution
		Debug|Any CPU = Debug|Any CPU
		Release|Any CPU = Release|Any CPU
	EndGlobalSection
	GlobalSection(ProjectConfigurationPlatforms) = postSolution
		{2D57AFD1-FCC8-4DA6-A151-967E4EC26704}.Debug|Any CPU.ActiveCfg = Debug|Any CPU
		{2D57AFD1-FCC8-4DA6-A151-967E4EC26704}.Debug|Any CPU.Build.0 = Debug|Any CPU
		{2D57AFD1-FCC8-4DA6-A151-967E4EC26704}.Release|Any CPU.ActiveCfg = Release|Any CPU
		{2D57AFD1-FCC8-4DA6-A151-967E4EC26704}.Release|Any CPU.Build.0 = Release|Any CPU
		{88F362BD-7700-48C7-81B7-D4F5593E659D}.Debug|Any CPU.ActiveCfg = Debug|Any CPU
		{88F362BD-7700-48C7-81B7-D4F5593E659D}.Debug|Any CPU.Build.0 = Debug|Any CPU
		{88F362BD-7700-48C7-81B7-D4F5593E659D}.Release|Any CPU.ActiveCfg = Release|Any CPU
		{88F362BD-7700-48C7-81B7-D4F5593E659D}.Release|Any CPU.Build.0 = Release|Any CPU
		{5A001D4C-8279-408D-97AC-2AD4326052E8}.Debug|Any CPU.ActiveCfg = Debug|Any CPU
		{5A001D4C-8279-408D-97AC-2AD4326052E8}.Debug|Any CPU.Build.0 = Debug|Any CPU
		{5A001D4C-8279-408D-97AC-2AD4326052E8}.Release|Any CPU.ActiveCfg = Release|Any CPU
		{5A001D4C-8279-408D-97AC-2AD4326052E8}.Release|Any CPU.Build.0 = Release|Any CPU
		{C7C0BA31-3511-4550-AD62-C702970813A0}.Debug|Any CPU.ActiveCfg = Debug|Any CPU
		{C7C0BA31-3511-4550-AD62-C702970813A0}.Debug|Any CPU.Build.0 = Debug|Any CPU
		{C7C0BA31-3511-4550-AD62-C702970813A0}.Release|Any CPU.ActiveCfg = Release|Any CPU
		{C7C0BA31-3511-4550-AD62-C702970813A0}.Release|Any CPU.Build.0 = Release|Any CPU
	EndGlobalSection
	GlobalSection(SolutionProperties) = preSolution
		HideSolutionNode = FALSE
	EndGlobalSection
	GlobalSection(ExtensibilityGlobals) = postSolution
		SolutionGuid = {433D6CE8-AC02-4E4E-8785-1EEFC42F8CE5}
	EndGlobalSection
EndGlobal
